{
  "nodes": {
    "nixpkgs": {
      "locked": {
        "lastModified": 1638922083,
        "narHash": "sha256-IlQm69UmCfQBwccn+zZULwun0KRtdWFNYQ4jEA3VwW0=",
        "owner": "NixOS",
        "repo": "nixpkgs",
        "rev": "fe56507bd3063a30f3a741a45bf3ba74a91cfac2",
        "type": "github"
      },
      "original": {
        "owner": "NixOS",
        "ref": "nixos-21.05",
        "repo": "nixpkgs",
        "type": "github"
      }
    },
    "root": {
      "inputs": {
        "nixpkgs": "nixpkgs"
      }
    }
  },
  "root": "root",
  "version": 7
}
